
Microsoft Visual Studio Solution File, Format Version 12.00
# Visual Studio Version 16
VisualStudioVersion = 16.0.29503.13
MinimumVisualStudioVersion = 10.0.40219.1
Project("{F184B08F-C81C-45F6-A57F-5ABD9991F28F}") = "FanChart", "FanChart\FanChart.vbproj", "{C9DD3E23-5B31-4C14-A0E7-80342B817B0C}"
EndProject
Global
	GlobalSection(SolutionConfigurationPlatforms) = preSolution
		Debug|Any CPU = Debug|Any CPU
		Release|Any CPU = Release|Any CPU
	EndGlobalSection
	GlobalSection(ProjectConfigurationPlatforms) = postSolution
		{C9DD3E23-5B31-4C14-A0E7-80342B817B0C}.Debug|Any CPU.ActiveCfg = Debug|Any CPU
		{C9DD3E23-5B31-4C14-A0E7-80342B817B0C}.Debug|Any CPU.Build.0 = Debug|Any CPU
		{C9DD3E23-5B31-4C14-A0E7-80342B817B0C}.Release|Any CPU.ActiveCfg = Release|Any CPU
		{C9DD3E23-5B31-4C14-A0E7-80342B817B0C}.Release|Any CPU.Build.0 = Release|Any CPU
	EndGlobalSection
	GlobalSection(SolutionProperties) = preSolution
		HideSolutionNode = FALSE
	EndGlobalSection
	GlobalSection(ExtensibilityGlobals) = postSolution
		SolutionGuid = {380930D5-9993-4075-A269-F22F4A75ED39}
	EndGlobalSection
EndGlobal
